
Microsoft Visual Studio Solution File, Format Version 12.00
# Visual Studio Version 17
VisualStudioVersion = 17.5.33530.505
MinimumVisualStudioVersion = 10.0.40219.1
Project("{FAE04EC0-301F-11D3-BF4B-00C04F79EFBC}") = "Flappy Bird", "Flappy Bird\Flappy Bird.csproj", "{8C1F1FDC-0860-4FC7-85BD-0261166A3340}"
EndProject
Global
	GlobalSection(SolutionConfigurationPlatforms) = preSolution
		Debug|Any CPU = Debug|Any CPU
		Release|Any CPU = Release|Any CPU
	EndGlobalSection
	GlobalSection(ProjectConfigurationPlatforms) = postSolution
		{8C1F1FDC-0860-4FC7-85BD-0261166A3340}.Debug|Any CPU.ActiveCfg = Debug|Any CPU
		{8C1F1FDC-0860-4FC7-85BD-0261166A3340}.Debug|Any CPU.Build.0 = Debug|Any CPU
		{8C1F1FDC-0860-4FC7-85BD-0261166A3340}.Release|Any CPU.ActiveCfg = Release|Any CPU
		{8C1F1FDC-0860-4FC7-85BD-0261166A3340}.Release|Any CPU.Build.0 = Release|Any CPU
	EndGlobalSection
	GlobalSection(SolutionProperties) = preSolution
		HideSolutionNode = FALSE
	EndGlobalSection
	GlobalSection(ExtensibilityGlobals) = postSolution
		SolutionGuid = {22CA93FB-6985-4F23-8F76-85D1E70E48E3}
	EndGlobalSection
EndGlobal
